// !$*UTF8*$!
{
	archiveVersion = 1;
	classes = {
	};
	objectVersion = 51;
	objects = {

/* Begin PBXBuildFile section */
		02B3A892B03ED82E66B44F49 /* Pods_AllowanceControl.framework in Frameworks */ = {isa = PBXBuildFile; fileRef = BB6676F5A7D09360C841C4DB /* Pods_AllowanceControl.framework */; };
		BD34140824A03F0D00BFF204 /* PropertiesChildViewModel.swift in Sources */ = {isa = PBXBuildFile; fileRef = BD34140724A03F0D00BFF204 /* PropertiesChildViewModel.swift */; };
		BD34140B24A0417400BFF204 /* PropertiesChildDatabase.swift in Sources */ = {isa = PBXBuildFile; fileRef = BD34140A24A0417400BFF204 /* PropertiesChildDatabase.swift */; };
		BD34140D24A043AC00BFF204 /* Codable+Extension.swift in Sources */ = {isa = PBXBuildFile; fileRef = BD34140C24A043AC00BFF204 /* Codable+Extension.swift */; };
		BD34141124A05D9F00BFF204 /* UIColor+Extension.swift in Sources */ = {isa = PBXBuildFile; fileRef = BD34141024A05D9F00BFF204 /* UIColor+Extension.swift */; };
		BD34141424A0626000BFF204 /* ColorPicker.swift in Sources */ = {isa = PBXBuildFile; fileRef = BD34141324A0626000BFF204 /* ColorPicker.swift */; };
		BD4C80FA249FDF5500AB67C3 /* SceneDelegate.swift in Sources */ = {isa = PBXBuildFile; fileRef = BD4C80F9249FDF5500AB67C3 /* SceneDelegate.swift */; };
		BD4C80FC249FE16400AB67C3 /* Main.storyboard in Resources */ = {isa = PBXBuildFile; fileRef = BD4C80FB249FE16400AB67C3 /* Main.storyboard */; };
		BD4C80FE249FFCA300AB67C3 /* HomeViewModel.swift in Sources */ = {isa = PBXBuildFile; fileRef = BD4C80FD249FFCA300AB67C3 /* HomeViewModel.swift */; };
		BD4C8102249FFCFB00AB67C3 /* HomeDatabase.swift in Sources */ = {isa = PBXBuildFile; fileRef = BD4C8101249FFCFB00AB67C3 /* HomeDatabase.swift */; };
		BD964E70249984BD00B49C8A /* AppDelegate.swift in Sources */ = {isa = PBXBuildFile; fileRef = BD964E6F249984BD00B49C8A /* AppDelegate.swift */; };
		BD964E7A249984BD00B49C8A /* AllowanceControl.xcdatamodeld in Sources */ = {isa = PBXBuildFile; fileRef = BD964E78249984BD00B49C8A /* AllowanceControl.xcdatamodeld */; };
		BD964E7C249984BE00B49C8A /* Assets.xcassets in Resources */ = {isa = PBXBuildFile; fileRef = BD964E7B249984BE00B49C8A /* Assets.xcassets */; };
		BD964E7F249984BE00B49C8A /* LaunchScreen.storyboard in Resources */ = {isa = PBXBuildFile; fileRef = BD964E7D249984BE00B49C8A /* LaunchScreen.storyboard */; };
		BD964E89249986B700B49C8A /* BaseViewController.swift in Sources */ = {isa = PBXBuildFile; fileRef = BD964E88249986B700B49C8A /* BaseViewController.swift */; };
		BD964E8B2499870600B49C8A /* BaseViewController.storyboard in Resources */ = {isa = PBXBuildFile; fileRef = BD964E8A2499870600B49C8A /* BaseViewController.storyboard */; };
		BD964E8F2499885F00B49C8A /* UIViewController+Extension.swift in Sources */ = {isa = PBXBuildFile; fileRef = BD964E8E2499885F00B49C8A /* UIViewController+Extension.swift */; };
		BD964E9224998A8100B49C8A /* HomeViewController.swift in Sources */ = {isa = PBXBuildFile; fileRef = BD964E9124998A8100B49C8A /* HomeViewController.swift */; };
		BD964E9424998A9000B49C8A /* HomeViewController.storyboard in Resources */ = {isa = PBXBuildFile; fileRef = BD964E9324998A9000B49C8A /* HomeViewController.storyboard */; };
		BD964E9A2499937000B49C8A /* ChildViewController.swift in Sources */ = {isa = PBXBuildFile; fileRef = BD964E992499937000B49C8A /* ChildViewController.swift */; };
		BD964E9C2499938900B49C8A /* ChildViewController.storyboard in Resources */ = {isa = PBXBuildFile; fileRef = BD964E9B2499938900B49C8A /* ChildViewController.storyboard */; };
		BD964EA12499A2C800B49C8A /* CustomView.swift in Sources */ = {isa = PBXBuildFile; fileRef = BD964EA02499A2C800B49C8A /* CustomView.swift */; };
		BD964EA32499ACC100B49C8A /* UIImageView+Extension.swift in Sources */ = {isa = PBXBuildFile; fileRef = BD964EA22499ACC100B49C8A /* UIImageView+Extension.swift */; };
		BD964EA52499AD2100B49C8A /* CustomImageView.swift in Sources */ = {isa = PBXBuildFile; fileRef = BD964EA42499AD2100B49C8A /* CustomImageView.swift */; };
		BD964EA82499AF4700B49C8A /* HomeParticipantCell.swift in Sources */ = {isa = PBXBuildFile; fileRef = BD964EA62499AF4700B49C8A /* HomeParticipantCell.swift */; };
		BD964EA92499AF4700B49C8A /* HomeParticipantCell.xib in Resources */ = {isa = PBXBuildFile; fileRef = BD964EA72499AF4700B49C8A /* HomeParticipantCell.xib */; };
		BD964EAC2499B34700B49C8A /* Child.swift in Sources */ = {isa = PBXBuildFile; fileRef = BD964EAB2499B34700B49C8A /* Child.swift */; };
		BD964EAF2499BACD00B49C8A /* PropertiesChildViewController.swift in Sources */ = {isa = PBXBuildFile; fileRef = BD964EAE2499BACD00B49C8A /* PropertiesChildViewController.swift */; };
		BD964EB12499BAD400B49C8A /* PropertiesChildViewController.storyboard in Resources */ = {isa = PBXBuildFile; fileRef = BD964EB02499BAD400B49C8A /* PropertiesChildViewController.storyboard */; };
		BD964EB32499D5B700B49C8A /* GoogleService-Info.plist in Resources */ = {isa = PBXBuildFile; fileRef = BD964EB22499D5B700B49C8A /* GoogleService-Info.plist */; };
		BD964EB62499DBF200B49C8A /* RemoteDatabase.swift in Sources */ = {isa = PBXBuildFile; fileRef = BD964EB52499DBF200B49C8A /* RemoteDatabase.swift */; };
		BD964EB92499ECA400B49C8A /* AddTimelineHistoricViewController.swift in Sources */ = {isa = PBXBuildFile; fileRef = BD964EB82499ECA400B49C8A /* AddTimelineHistoricViewController.swift */; };
		BD964EBB2499ECC400B49C8A /* AddTimelineHistoricViewController.storyboard in Resources */ = {isa = PBXBuildFile; fileRef = BD964EBA2499ECC400B49C8A /* AddTimelineHistoricViewController.storyboard */; };
		BDC065FE2499F90E0021A021 /* String+Extension.swift in Sources */ = {isa = PBXBuildFile; fileRef = BDC065FD2499F90E0021A021 /* String+Extension.swift */; };
/* End PBXBuildFile section */

/* Begin PBXFileReference section */
		665E4AA7A6812333F2D0B484 /* Pods-AllowanceControl.release.xcconfig */ = {isa = PBXFileReference; includeInIndex = 1; lastKnownFileType = text.xcconfig; name = "Pods-AllowanceControl.release.xcconfig"; path = "Target Support Files/Pods-AllowanceControl/Pods-AllowanceControl.release.xcconfig"; sourceTree = "<group>"; };
		AE8981077FDC5DD35AA0AFD2 /* Pods-AllowanceControl.debug.xcconfig */ = {isa = PBXFileReference; includeInIndex = 1; lastKnownFileType = text.xcconfig; name = "Pods-AllowanceControl.debug.xcconfig"; path = "Target Support Files/Pods-AllowanceControl/Pods-AllowanceControl.debug.xcconfig"; sourceTree = "<group>"; };
		BB6676F5A7D09360C841C4DB /* Pods_AllowanceControl.framework */ = {isa = PBXFileReference; explicitFileType = wrapper.framework; includeInIndex = 0; path = Pods_AllowanceControl.framework; sourceTree = BUILT_PRODUCTS_DIR; };
		BD34140724A03F0D00BFF204 /* PropertiesChildViewModel.swift */ = {isa = PBXFileReference; lastKnownFileType = sourcecode.swift; path = PropertiesChildViewModel.swift; sourceTree = "<group>"; };
		BD34140A24A0417400BFF204 /* PropertiesChildDatabase.swift */ = {isa = PBXFileReference; lastKnownFileType = sourcecode.swift; path = PropertiesChildDatabase.swift; sourceTree = "<group>"; };
		BD34140C24A043AC00BFF204 /* Codable+Extension.swift */ = {isa = PBXFileReference; lastKnownFileType = sourcecode.swift; path = "Codable+Extension.swift"; sourceTree = "<group>"; };
		BD34141024A05D9F00BFF204 /* UIColor+Extension.swift */ = {isa = PBXFileReference; lastKnownFileType = sourcecode.swift; path = "UIColor+Extension.swift"; sourceTree = "<group>"; };
		BD34141324A0626000BFF204 /* ColorPicker.swift */ = {isa = PBXFileReference; lastKnownFileType = sourcecode.swift; path = ColorPicker.swift; sourceTree = "<group>"; };
		BD4C80F9249FDF5500AB67C3 /* SceneDelegate.swift */ = {isa = PBXFileReference; fileEncoding = 4; lastKnownFileType = sourcecode.swift; path = SceneDelegate.swift; sourceTree = "<group>"; };
		BD4C80FB249FE16400AB67C3 /* Main.storyboard */ = {isa = PBXFileReference; fileEncoding = 4; lastKnownFileType = file.storyboard; path = Main.storyboard; sourceTree = "<group>"; };
		BD4C80FD249FFCA300AB67C3 /* HomeViewModel.swift */ = {isa = PBXFileReference; lastKnownFileType = sourcecode.swift; path = HomeViewModel.swift; sourceTree = "<group>"; };
		BD4C8101249FFCFB00AB67C3 /* HomeDatabase.swift */ = {isa = PBXFileReference; lastKnownFileType = sourcecode.swift; path = HomeDatabase.swift; sourceTree = "<group>"; };
		BD964E6C249984BD00B49C8A /* AllowanceControl.app */ = {isa = PBXFileReference; explicitFileType = wrapper.application; includeInIndex = 0; path = AllowanceControl.app; sourceTree = BUILT_PRODUCTS_DIR; };
		BD964E6F249984BD00B49C8A /* AppDelegate.swift */ = {isa = PBXFileReference; lastKnownFileType = sourcecode.swift; path = AppDelegate.swift; sourceTree = "<group>"; };
		BD964E79249984BD00B49C8A /* AllowanceControl.xcdatamodel */ = {isa = PBXFileReference; lastKnownFileType = wrapper.xcdatamodel; path = AllowanceControl.xcdatamodel; sourceTree = "<group>"; };
		BD964E7B249984BE00B49C8A /* Assets.xcassets */ = {isa = PBXFileReference; lastKnownFileType = folder.assetcatalog; path = Assets.xcassets; sourceTree = "<group>"; };
		BD964E7E249984BE00B49C8A /* Base */ = {isa = PBXFileReference; lastKnownFileType = file.storyboard; name = Base; path = Base.lproj/LaunchScreen.storyboard; sourceTree = "<group>"; };
		BD964E80249984BE00B49C8A /* Info.plist */ = {isa = PBXFileReference; lastKnownFileType = text.plist.xml; path = Info.plist; sourceTree = "<group>"; };
		BD964E88249986B700B49C8A /* BaseViewController.swift */ = {isa = PBXFileReference; lastKnownFileType = sourcecode.swift; path = BaseViewController.swift; sourceTree = "<group>"; };
		BD964E8A2499870600B49C8A /* BaseViewController.storyboard */ = {isa = PBXFileReference; lastKnownFileType = file.storyboard; path = BaseViewController.storyboard; sourceTree = "<group>"; };
		BD964E8E2499885F00B49C8A /* UIViewController+Extension.swift */ = {isa = PBXFileReference; lastKnownFileType = sourcecode.swift; path = "UIViewController+Extension.swift"; sourceTree = "<group>"; };
		BD964E9124998A8100B49C8A /* HomeViewController.swift */ = {isa = PBXFileReference; lastKnownFileType = sourcecode.swift; path = HomeViewController.swift; sourceTree = "<group>"; };
		BD964E9324998A9000B49C8A /* HomeViewController.storyboard */ = {isa = PBXFileReference; lastKnownFileType = file.storyboard; path = HomeViewController.storyboard; sourceTree = "<group>"; };
		BD964E992499937000B49C8A /* ChildViewController.swift */ = {isa = PBXFileReference; lastKnownFileType = sourcecode.swift; path = ChildViewController.swift; sourceTree = "<group>"; };
		BD964E9B2499938900B49C8A /* ChildViewController.storyboard */ = {isa = PBXFileReference; lastKnownFileType = file.storyboard; path = ChildViewController.storyboard; sourceTree = "<group>"; };
		BD964EA02499A2C800B49C8A /* CustomView.swift */ = {isa = PBXFileReference; lastKnownFileType = sourcecode.swift; path = CustomView.swift; sourceTree = "<group>"; };
		BD964EA22499ACC100B49C8A /* UIImageView+Extension.swift */ = {isa = PBXFileReference; lastKnownFileType = sourcecode.swift; path = "UIImageView+Extension.swift"; sourceTree = "<group>"; };
		BD964EA42499AD2100B49C8A /* CustomImageView.swift */ = {isa = PBXFileReference; lastKnownFileType = sourcecode.swift; path = CustomImageView.swift; sourceTree = "<group>"; };
		BD964EA62499AF4700B49C8A /* HomeParticipantCell.swift */ = {isa = PBXFileReference; lastKnownFileType = sourcecode.swift; path = HomeParticipantCell.swift; sourceTree = "<group>"; };
		BD964EA72499AF4700B49C8A /* HomeParticipantCell.xib */ = {isa = PBXFileReference; lastKnownFileType = file.xib; path = HomeParticipantCell.xib; sourceTree = "<group>"; };
		BD964EAB2499B34700B49C8A /* Child.swift */ = {isa = PBXFileReference; lastKnownFileType = sourcecode.swift; path = Child.swift; sourceTree = "<group>"; };
		BD964EAE2499BACD00B49C8A /* PropertiesChildViewController.swift */ = {isa = PBXFileReference; lastKnownFileType = sourcecode.swift; path = PropertiesChildViewController.swift; sourceTree = "<group>"; };
		BD964EB02499BAD400B49C8A /* PropertiesChildViewController.storyboard */ = {isa = PBXFileReference; lastKnownFileType = file.storyboard; path = PropertiesChildViewController.storyboard; sourceTree = "<group>"; };
		BD964EB22499D5B700B49C8A /* GoogleService-Info.plist */ = {isa = PBXFileReference; fileEncoding = 4; lastKnownFileType = text.plist.xml; path = "GoogleService-Info.plist"; sourceTree = "<group>"; };
		BD964EB52499DBF200B49C8A /* RemoteDatabase.swift */ = {isa = PBXFileReference; lastKnownFileType = sourcecode.swift; path = RemoteDatabase.swift; sourceTree = "<group>"; };
		BD964EB82499ECA400B49C8A /* AddTimelineHistoricViewController.swift */ = {isa = PBXFileReference; lastKnownFileType = sourcecode.swift; path = AddTimelineHistoricViewController.swift; sourceTree = "<group>"; };
		BD964EBA2499ECC400B49C8A /* AddTimelineHistoricViewController.storyboard */ = {isa = PBXFileReference; lastKnownFileType = file.storyboard; path = AddTimelineHistoricViewController.storyboard; sourceTree = "<group>"; };
		BDC065FD2499F90E0021A021 /* String+Extension.swift */ = {isa = PBXFileReference; lastKnownFileType = sourcecode.swift; path = "String+Extension.swift"; sourceTree = "<group>"; };
/* End PBXFileReference section */

/* Begin PBXFrameworksBuildPhase section */
		BD964E69249984BD00B49C8A /* Frameworks */ = {
			isa = PBXFrameworksBuildPhase;
			buildActionMask = 2147483647;
			files = (
				02B3A892B03ED82E66B44F49 /* Pods_AllowanceControl.framework in Frameworks */,
			);
			runOnlyForDeploymentPostprocessing = 0;
		};
/* End PBXFrameworksBuildPhase section */

/* Begin PBXGroup section */
		4F13D658811C7C9C6F8CE4D7 /* Frameworks */ = {
			isa = PBXGroup;
			children = (
				BB6676F5A7D09360C841C4DB /* Pods_AllowanceControl.framework */,
			);
			name = Frameworks;
			sourceTree = "<group>";
		};
		6A4B2FC619955368C9968B99 /* Pods */ = {
			isa = PBXGroup;
			children = (
				AE8981077FDC5DD35AA0AFD2 /* Pods-AllowanceControl.debug.xcconfig */,
				665E4AA7A6812333F2D0B484 /* Pods-AllowanceControl.release.xcconfig */,
			);
			path = Pods;
			sourceTree = "<group>";
		};
		BD34140924A0416100BFF204 /* Database */ = {
			isa = PBXGroup;
			children = (
				BD34140A24A0417400BFF204 /* PropertiesChildDatabase.swift */,
			);
			path = Database;
			sourceTree = "<group>";
		};
		BD34141224A0622F00BFF204 /* Model */ = {
			isa = PBXGroup;
			children = (
				BD34141324A0626000BFF204 /* ColorPicker.swift */,
			);
			path = Model;
			sourceTree = "<group>";
		};
		BD4C8100249FFCDC00AB67C3 /* Database */ = {
			isa = PBXGroup;
			children = (
				BD4C8101249FFCFB00AB67C3 /* HomeDatabase.swift */,
			);
			path = Database;
			sourceTree = "<group>";
		};
		BD964E63249984BD00B49C8A = {
			isa = PBXGroup;
			children = (
				BD964E6E249984BD00B49C8A /* AllowanceControl */,
				BD964E6D249984BD00B49C8A /* Products */,
				6A4B2FC619955368C9968B99 /* Pods */,
				4F13D658811C7C9C6F8CE4D7 /* Frameworks */,
			);
			sourceTree = "<group>";
		};
		BD964E6D249984BD00B49C8A /* Products */ = {
			isa = PBXGroup;
			children = (
				BD964E6C249984BD00B49C8A /* AllowanceControl.app */,
			);
			name = Products;
			sourceTree = "<group>";
		};
		BD964E6E249984BD00B49C8A /* AllowanceControl */ = {
			isa = PBXGroup;
			children = (
				BD964E8C2499884400B49C8A /* Commons */,
				BD964E862499868F00B49C8A /* Scenes */,
				BD964E9624998C5600B49C8A /* Sources */,
				BD964E9524998C2C00B49C8A /* Resources */,
				BD964E78249984BD00B49C8A /* AllowanceControl.xcdatamodeld */,
			);
			path = AllowanceControl;
			sourceTree = "<group>";
		};
		BD964E862499868F00B49C8A /* Scenes */ = {
			isa = PBXGroup;
			children = (
				BD964E87249986A800B49C8A /* Base */,
				BD964E9024998A6B00B49C8A /* Home */,
				BD964E982499931D00B49C8A /* Child */,
				BD964EAD2499BA7E00B49C8A /* PropertiesChild */,
				BD964EB72499EC7900B49C8A /* AddTimelineHistoric */,
			);
			path = Scenes;
			sourceTree = "<group>";
		};
		BD964E87249986A800B49C8A /* Base */ = {
			isa = PBXGroup;
			children = (
				BD964E88249986B700B49C8A /* BaseViewController.swift */,
				BD964E8A2499870600B49C8A /* BaseViewController.storyboard */,
			);
			path = Base;
			sourceTree = "<group>";
		};
		BD964E8C2499884400B49C8A /* Commons */ = {
			isa = PBXGroup;
			children = (
				BD964E9D2499A21E00B49C8A /* Views */,
				BD964E8D2499884C00B49C8A /* Extensions */,
			);
			path = Commons;
			sourceTree = "<group>";
		};
		BD964E8D2499884C00B49C8A /* Extensions */ = {
			isa = PBXGroup;
			children = (
				BD964E8E2499885F00B49C8A /* UIViewController+Extension.swift */,
				BD964EA22499ACC100B49C8A /* UIImageView+Extension.swift */,
				BDC065FD2499F90E0021A021 /* String+Extension.swift */,
				BD34140C24A043AC00BFF204 /* Codable+Extension.swift */,
				BD34141024A05D9F00BFF204 /* UIColor+Extension.swift */,
			);
			path = Extensions;
			sourceTree = "<group>";
		};
		BD964E9024998A6B00B49C8A /* Home */ = {
			isa = PBXGroup;
			children = (
				BD4C8100249FFCDC00AB67C3 /* Database */,
				BD964EAA2499B33500B49C8A /* Model */,
				BD964E97249992F500B49C8A /* View */,
				BD4C80FD249FFCA300AB67C3 /* HomeViewModel.swift */,
				BD964E9124998A8100B49C8A /* HomeViewController.swift */,
				BD964E9324998A9000B49C8A /* HomeViewController.storyboard */,
			);
			path = Home;
			sourceTree = "<group>";
		};
		BD964E9524998C2C00B49C8A /* Resources */ = {
			isa = PBXGroup;
			children = (
				BD964E7B249984BE00B49C8A /* Assets.xcassets */,
			);
			path = Resources;
			sourceTree = "<group>";
		};
		BD964E9624998C5600B49C8A /* Sources */ = {
			isa = PBXGroup;
			children = (
				BD964EB42499DBD400B49C8A /* RemoteDatabase */,
				BD964E6F249984BD00B49C8A /* AppDelegate.swift */,
				BD4C80F9249FDF5500AB67C3 /* SceneDelegate.swift */,
				BD964E80249984BE00B49C8A /* Info.plist */,
				BD964E7D249984BE00B49C8A /* LaunchScreen.storyboard */,
				BD4C80FB249FE16400AB67C3 /* Main.storyboard */,
				BD964EB22499D5B700B49C8A /* GoogleService-Info.plist */,
			);
			path = Sources;
			sourceTree = "<group>";
		};
		BD964E97249992F500B49C8A /* View */ = {
			isa = PBXGroup;
			children = (
				BD964EA62499AF4700B49C8A /* HomeParticipantCell.swift */,
				BD964EA72499AF4700B49C8A /* HomeParticipantCell.xib */,
			);
			path = View;
			sourceTree = "<group>";
		};
		BD964E982499931D00B49C8A /* Child */ = {
			isa = PBXGroup;
			children = (
				BD34141224A0622F00BFF204 /* Model */,
				BD964E992499937000B49C8A /* ChildViewController.swift */,
				BD964E9B2499938900B49C8A /* ChildViewController.storyboard */,
			);
			path = Child;
			sourceTree = "<group>";
		};
		BD964E9D2499A21E00B49C8A /* Views */ = {
			isa = PBXGroup;
			children = (
				BD964EA02499A2C800B49C8A /* CustomView.swift */,
				BD964EA42499AD2100B49C8A /* CustomImageView.swift */,
			);
			path = Views;
			sourceTree = "<group>";
		};
		BD964EAA2499B33500B49C8A /* Model */ = {
			isa = PBXGroup;
			children = (
				BD964EAB2499B34700B49C8A /* Child.swift */,
			);
			path = Model;
			sourceTree = "<group>";
		};
		BD964EAD2499BA7E00B49C8A /* PropertiesChild */ = {
			isa = PBXGroup;
			children = (
				BD34140924A0416100BFF204 /* Database */,
				BD34140724A03F0D00BFF204 /* PropertiesChildViewModel.swift */,
				BD964EAE2499BACD00B49C8A /* PropertiesChildViewController.swift */,
				BD964EB02499BAD400B49C8A /* PropertiesChildViewController.storyboard */,
			);
			path = PropertiesChild;
			sourceTree = "<group>";
		};
		BD964EB42499DBD400B49C8A /* RemoteDatabase */ = {
			isa = PBXGroup;
			children = (
				BD964EB52499DBF200B49C8A /* RemoteDatabase.swift */,
			);
			path = RemoteDatabase;
			sourceTree = "<group>";
		};
		BD964EB72499EC7900B49C8A /* AddTimelineHistoric */ = {
			isa = PBXGroup;
			children = (
				BD964EB82499ECA400B49C8A /* AddTimelineHistoricViewController.swift */,
				BD964EBA2499ECC400B49C8A /* AddTimelineHistoricViewController.storyboard */,
			);
			path = AddTimelineHistoric;
			sourceTree = "<group>";
		};
/* End PBXGroup section */

/* Begin PBXNativeTarget section */
		BD964E6B249984BD00B49C8A /* AllowanceControl */ = {
			isa = PBXNativeTarget;
			buildConfigurationList = BD964E83249984BE00B49C8A /* Build configuration list for PBXNativeTarget "AllowanceControl" */;
			buildPhases = (
				C1C4F071EEB4AB1200C08D8B /* [CP] Check Pods Manifest.lock */,
				BD964E68249984BD00B49C8A /* Sources */,
				BD964E69249984BD00B49C8A /* Frameworks */,
				BD964E6A249984BD00B49C8A /* Resources */,
				FE5DBD784EB4E3ABF21669E7 /* [CP] Embed Pods Frameworks */,
			);
			buildRules = (
			);
			dependencies = (
			);
			name = AllowanceControl;
			productName = AllowanceControl;
			productReference = BD964E6C249984BD00B49C8A /* AllowanceControl.app */;
			productType = "com.apple.product-type.application";
		};
/* End PBXNativeTarget section */

/* Begin PBXProject section */
		BD964E64249984BD00B49C8A /* Project object */ = {
			isa = PBXProject;
			attributes = {
				LastSwiftUpdateCheck = 1150;
				LastUpgradeCheck = 1150;
				ORGANIZATIONNAME = HelioTecnologia;
				TargetAttributes = {
					BD964E6B249984BD00B49C8A = {
						CreatedOnToolsVersion = 11.5;
					};
				};
			};
			buildConfigurationList = BD964E67249984BD00B49C8A /* Build configuration list for PBXProject "AllowanceControl" */;
			compatibilityVersion = "Xcode 9.3";
			developmentRegion = en;
			hasScannedForEncodings = 0;
			knownRegions = (
				en,
				Base,
			);
			mainGroup = BD964E63249984BD00B49C8A;
			productRefGroup = BD964E6D249984BD00B49C8A /* Products */;
			projectDirPath = "";
			projectRoot = "";
			targets = (
				BD964E6B249984BD00B49C8A /* AllowanceControl */,
			);
		};
/* End PBXProject section */

/* Begin PBXResourcesBuildPhase section */
		BD964E6A249984BD00B49C8A /* Resources */ = {
			isa = PBXResourcesBuildPhase;
			buildActionMask = 2147483647;
			files = (
				BD964EA92499AF4700B49C8A /* HomeParticipantCell.xib in Resources */,
				BD4C80FC249FE16400AB67C3 /* Main.storyboard in Resources */,
				BD964EB32499D5B700B49C8A /* GoogleService-Info.plist in Resources */,
				BD964E9424998A9000B49C8A /* HomeViewController.storyboard in Resources */,
				BD964E9C2499938900B49C8A /* ChildViewController.storyboard in Resources */,
				BD964EB12499BAD400B49C8A /* PropertiesChildViewController.storyboard in Resources */,
				BD964E7F249984BE00B49C8A /* LaunchScreen.storyboard in Resources */,
				BD964E7C249984BE00B49C8A /* Assets.xcassets in Resources */,
				BD964EBB2499ECC400B49C8A /* AddTimelineHistoricViewController.storyboard in Resources */,
				BD964E8B2499870600B49C8A /* BaseViewController.storyboard in Resources */,
			);
			runOnlyForDeploymentPostprocessing = 0;
		};
/* End PBXResourcesBuildPhase section */

/* Begin PBXShellScriptBuildPhase section */
		C1C4F071EEB4AB1200C08D8B /* [CP] Check Pods Manifest.lock */ = {
			isa = PBXShellScriptBuildPhase;
			buildActionMask = 2147483647;
			files = (
			);
			inputFileListPaths = (
			);
			inputPaths = (
				"${PODS_PODFILE_DIR_PATH}/Podfile.lock",
				"${PODS_ROOT}/Manifest.lock",
			);
			name = "[CP] Check Pods Manifest.lock";
			outputFileListPaths = (
			);
			outputPaths = (
				"$(DERIVED_FILE_DIR)/Pods-AllowanceControl-checkManifestLockResult.txt",
			);
			runOnlyForDeploymentPostprocessing = 0;
			shellPath = /bin/sh;
			shellScript = "diff \"${PODS_PODFILE_DIR_PATH}/Podfile.lock\" \"${PODS_ROOT}/Manifest.lock\" > /dev/null\nif [ $? != 0 ] ; then\n    # print error to STDERR\n    echo \"error: The sandbox is not in sync with the Podfile.lock. Run 'pod install' or update your CocoaPods installation.\" >&2\n    exit 1\nfi\n# This output is used by Xcode 'outputs' to avoid re-running this script phase.\necho \"SUCCESS\" > \"${SCRIPT_OUTPUT_FILE_0}\"\n";
			showEnvVarsInLog = 0;
		};
		FE5DBD784EB4E3ABF21669E7 /* [CP] Embed Pods Frameworks */ = {
			isa = PBXShellScriptBuildPhase;
			buildActionMask = 2147483647;
			files = (
			);
			inputFileListPaths = (
				"${PODS_ROOT}/Target Support Files/Pods-AllowanceControl/Pods-AllowanceControl-frameworks-${CONFIGURATION}-input-files.xcfilelist",
			);
			name = "[CP] Embed Pods Frameworks";
			outputFileListPaths = (
				"${PODS_ROOT}/Target Support Files/Pods-AllowanceControl/Pods-AllowanceControl-frameworks-${CONFIGURATION}-output-files.xcfilelist",
			);
			runOnlyForDeploymentPostprocessing = 0;
			shellPath = /bin/sh;
			shellScript = "\"${PODS_ROOT}/Target Support Files/Pods-AllowanceControl/Pods-AllowanceControl-frameworks.sh\"\n";
			showEnvVarsInLog = 0;
		};
/* End PBXShellScriptBuildPhase section */

/* Begin PBXSourcesBuildPhase section */
		BD964E68249984BD00B49C8A /* Sources */ = {
			isa = PBXSourcesBuildPhase;
			buildActionMask = 2147483647;
			files = (
				BD34140D24A043AC00BFF204 /* Codable+Extension.swift in Sources */,
				BD4C80FE249FFCA300AB67C3 /* HomeViewModel.swift in Sources */,
				BDC065FE2499F90E0021A021 /* String+Extension.swift in Sources */,
				BD34141124A05D9F00BFF204 /* UIColor+Extension.swift in Sources */,
				BD34140824A03F0D00BFF204 /* PropertiesChildViewModel.swift in Sources */,
				BD964E7A249984BD00B49C8A /* AllowanceControl.xcdatamodeld in Sources */,
				BD964EB62499DBF200B49C8A /* RemoteDatabase.swift in Sources */,
				BD964EA52499AD2100B49C8A /* CustomImageView.swift in Sources */,
				BD34141424A0626000BFF204 /* ColorPicker.swift in Sources */,
				BD964E89249986B700B49C8A /* BaseViewController.swift in Sources */,
				BD964EAF2499BACD00B49C8A /* PropertiesChildViewController.swift in Sources */,
				BD964EA32499ACC100B49C8A /* UIImageView+Extension.swift in Sources */,
				BD4C80FA249FDF5500AB67C3 /* SceneDelegate.swift in Sources */,
				BD964EA82499AF4700B49C8A /* HomeParticipantCell.swift in Sources */,
				BD964E9A2499937000B49C8A /* ChildViewController.swift in Sources */,
				BD4C8102249FFCFB00AB67C3 /* HomeDatabase.swift in Sources */,
				BD964EA12499A2C800B49C8A /* CustomView.swift in Sources */,
				BD34140B24A0417400BFF204 /* PropertiesChildDatabase.swift in Sources */,
				BD964EB92499ECA400B49C8A /* AddTimelineHistoricViewController.swift in Sources */,
				BD964E8F2499885F00B49C8A /* UIViewController+Extension.swift in Sources */,
				BD964E70249984BD00B49C8A /* AppDelegate.swift in Sources */,
				BD964EAC2499B34700B49C8A /* Child.swift in Sources */,
				BD964E9224998A8100B49C8A /* HomeViewController.swift in Sources */,
			);
			runOnlyForDeploymentPostprocessing = 0;
		};
/* End PBXSourcesBuildPhase section */

/* Begin PBXVariantGroup section */
		BD964E7D249984BE00B49C8A /* LaunchScreen.storyboard */ = {
			isa = PBXVariantGroup;
			children = (
				BD964E7E249984BE00B49C8A /* Base */,
			);
			name = LaunchScreen.storyboard;
			sourceTree = "<group>";
		};
/* End PBXVariantGroup section */

/* Begin XCBuildConfiguration section */
		BD964E81249984BE00B49C8A /* Debug */ = {
			isa = XCBuildConfiguration;
			buildSettings = {
				ALWAYS_SEARCH_USER_PATHS = NO;
				CLANG_ANALYZER_NONNULL = YES;
				CLANG_ANALYZER_NUMBER_OBJECT_CONVERSION = YES_AGGRESSIVE;
				CLANG_CXX_LANGUAGE_STANDARD = "gnu++14";
				CLANG_CXX_LIBRARY = "libc++";
				CLANG_ENABLE_MODULES = YES;
				CLANG_ENABLE_OBJC_ARC = YES;
				CLANG_ENABLE_OBJC_WEAK = YES;
				CLANG_WARN_BLOCK_CAPTURE_AUTORELEASING = YES;
				CLANG_WARN_BOOL_CONVERSION = YES;
				CLANG_WARN_COMMA = YES;
				CLANG_WARN_CONSTANT_CONVERSION = YES;
				CLANG_WARN_DEPRECATED_OBJC_IMPLEMENTATIONS = YES;
				CLANG_WARN_DIRECT_OBJC_ISA_USAGE = YES_ERROR;
				CLANG_WARN_DOCUMENTATION_COMMENTS = YES;
				CLANG_WARN_EMPTY_BODY = YES;
				CLANG_WARN_ENUM_CONVERSION = YES;
				CLANG_WARN_INFINITE_RECURSION = YES;
				CLANG_WARN_INT_CONVERSION = YES;
				CLANG_WARN_NON_LITERAL_NULL_CONVERSION = YES;
				CLANG_WARN_OBJC_IMPLICIT_RETAIN_SELF = YES;
				CLANG_WARN_OBJC_LITERAL_CONVERSION = YES;
				CLANG_WARN_OBJC_ROOT_CLASS = YES_ERROR;
				CLANG_WARN_RANGE_LOOP_ANALYSIS = YES;
				CLANG_WARN_STRICT_PROTOTYPES = YES;
				CLANG_WARN_SUSPICIOUS_MOVE = YES;
				CLANG_WARN_UNGUARDED_AVAILABILITY = YES_AGGRESSIVE;
				CLANG_WARN_UNREACHABLE_CODE = YES;
				CLANG_WARN__DUPLICATE_METHOD_MATCH = YES;
				COPY_PHASE_STRIP = NO;
				DEBUG_INFORMATION_FORMAT = dwarf;
				ENABLE_STRICT_OBJC_MSGSEND = YES;
				ENABLE_TESTABILITY = YES;
				GCC_C_LANGUAGE_STANDARD = gnu11;
				GCC_DYNAMIC_NO_PIC = NO;
				GCC_NO_COMMON_BLOCKS = YES;
				GCC_OPTIMIZATION_LEVEL = 0;
				GCC_PREPROCESSOR_DEFINITIONS = (
					"DEBUG=1",
					"$(inherited)",
				);
				GCC_WARN_64_TO_32_BIT_CONVERSION = YES;
				GCC_WARN_ABOUT_RETURN_TYPE = YES_ERROR;
				GCC_WARN_UNDECLARED_SELECTOR = YES;
				GCC_WARN_UNINITIALIZED_AUTOS = YES_AGGRESSIVE;
				GCC_WARN_UNUSED_FUNCTION = YES;
				GCC_WARN_UNUSED_VARIABLE = YES;
				IPHONEOS_DEPLOYMENT_TARGET = 13.5;
				MTL_ENABLE_DEBUG_INFO = INCLUDE_SOURCE;
				MTL_FAST_MATH = YES;
				ONLY_ACTIVE_ARCH = YES;
				SDKROOT = iphoneos;
				SWIFT_ACTIVE_COMPILATION_CONDITIONS = DEBUG;
				SWIFT_OPTIMIZATION_LEVEL = "-Onone";
			};
			name = Debug;
		};
		BD964E82249984BE00B49C8A /* Release */ = {
			isa = XCBuildConfiguration;
			buildSettings = {
				ALWAYS_SEARCH_USER_PATHS = NO;
				CLANG_ANALYZER_NONNULL = YES;
				CLANG_ANALYZER_NUMBER_OBJECT_CONVERSION = YES_AGGRESSIVE;
				CLANG_CXX_LANGUAGE_STANDARD = "gnu++14";
				CLANG_CXX_LIBRARY = "libc++";
				CLANG_ENABLE_MODULES = YES;
				CLANG_ENABLE_OBJC_ARC = YES;
				CLANG_ENABLE_OBJC_WEAK = YES;
				CLANG_WARN_BLOCK_CAPTURE_AUTORELEASING = YES;
				CLANG_WARN_BOOL_CONVERSION = YES;
				CLANG_WARN_COMMA = YES;
				CLANG_WARN_CONSTANT_CONVERSION = YES;
				CLANG_WARN_DEPRECATED_OBJC_IMPLEMENTATIONS = YES;
				CLANG_WARN_DIRECT_OBJC_ISA_USAGE = YES_ERROR;
				CLANG_WARN_DOCUMENTATION_COMMENTS = YES;
				CLANG_WARN_EMPTY_BODY = YES;
				CLANG_WARN_ENUM_CONVERSION = YES;
				CLANG_WARN_INFINITE_RECURSION = YES;
				CLANG_WARN_INT_CONVERSION = YES;
				CLANG_WARN_NON_LITERAL_NULL_CONVERSION = YES;
				CLANG_WARN_OBJC_IMPLICIT_RETAIN_SELF = YES;
				CLANG_WARN_OBJC_LITERAL_CONVERSION = YES;
				CLANG_WARN_OBJC_ROOT_CLASS = YES_ERROR;
				CLANG_WARN_RANGE_LOOP_ANALYSIS = YES;
				CLANG_WARN_STRICT_PROTOTYPES = YES;
				CLANG_WARN_SUSPICIOUS_MOVE = YES;
				CLANG_WARN_UNGUARDED_AVAILABILITY = YES_AGGRESSIVE;
				CLANG_WARN_UNREACHABLE_CODE = YES;
				CLANG_WARN__DUPLICATE_METHOD_MATCH = YES;
				COPY_PHASE_STRIP = NO;
				DEBUG_INFORMATION_FORMAT = "dwarf-with-dsym";
				ENABLE_NS_ASSERTIONS = NO;
				ENABLE_STRICT_OBJC_MSGSEND = YES;
				GCC_C_LANGUAGE_STANDARD = gnu11;
				GCC_NO_COMMON_BLOCKS = YES;
				GCC_WARN_64_TO_32_BIT_CONVERSION = YES;
				GCC_WARN_ABOUT_RETURN_TYPE = YES_ERROR;
				GCC_WARN_UNDECLARED_SELECTOR = YES;
				GCC_WARN_UNINITIALIZED_AUTOS = YES_AGGRESSIVE;
				GCC_WARN_UNUSED_FUNCTION = YES;
				GCC_WARN_UNUSED_VARIABLE = YES;
				IPHONEOS_DEPLOYMENT_TARGET = 13.5;
				MTL_ENABLE_DEBUG_INFO = NO;
				MTL_FAST_MATH = YES;
				SDKROOT = iphoneos;
				SWIFT_COMPILATION_MODE = wholemodule;
				SWIFT_OPTIMIZATION_LEVEL = "-O";
				VALIDATE_PRODUCT = YES;
			};
			name = Release;
		};
		BD964E84249984BE00B49C8A /* Debug */ = {
			isa = XCBuildConfiguration;
			baseConfigurationReference = AE8981077FDC5DD35AA0AFD2 /* Pods-AllowanceControl.debug.xcconfig */;
			buildSettings = {
				ASSETCATALOG_COMPILER_APPICON_NAME = AppIcon;
				CODE_SIGN_STYLE = Automatic;
				DEVELOPMENT_TEAM = 6K3965APXT;
				INFOPLIST_FILE = AllowanceControl/Sources/Info.plist;
				IPHONEOS_DEPLOYMENT_TARGET = 11.0;
				LD_RUNPATH_SEARCH_PATHS = (
					"$(inherited)",
					"@executable_path/Frameworks",
				);
				PRODUCT_BUNDLE_IDENTIFIER = heliotecnologia.com.br.AllowanceControl;
				PRODUCT_NAME = "$(TARGET_NAME)";
				SWIFT_VERSION = 5.0;
				TARGETED_DEVICE_FAMILY = "1,2";
			};
			name = Debug;
		};
		BD964E85249984BE00B49C8A /* Release */ = {
			isa = XCBuildConfiguration;
			baseConfigurationReference = 665E4AA7A6812333F2D0B484 /* Pods-AllowanceControl.release.xcconfig */;
			buildSettings = {
				ASSETCATALOG_COMPILER_APPICON_NAME = AppIcon;
				CODE_SIGN_STYLE = Automatic;
				DEVELOPMENT_TEAM = 6K3965APXT;
				INFOPLIST_FILE = AllowanceControl/Sources/Info.plist;
				IPHONEOS_DEPLOYMENT_TARGET = 11.0;
				LD_RUNPATH_SEARCH_PATHS = (
					"$(inherited)",
					"@executable_path/Frameworks",
				);
				PRODUCT_BUNDLE_IDENTIFIER = heliotecnologia.com.br.AllowanceControl;
				PRODUCT_NAME = "$(TARGET_NAME)";
				SWIFT_VERSION = 5.0;
				TARGETED_DEVICE_FAMILY = "1,2";
			};
			name = Release;
		};
/* End XCBuildConfiguration section */

/* Begin XCConfigurationList section */
		BD964E67249984BD00B49C8A /* Build configuration list for PBXProject "AllowanceControl" */ = {
			isa = XCConfigurationList;
			buildConfigurations = (
				BD964E81249984BE00B49C8A /* Debug */,
				BD964E82249984BE00B49C8A /* Release */,
			);
			defaultConfigurationIsVisible = 0;
			defaultConfigurationName = Release;
		};
		BD964E83249984BE00B49C8A /* Build configuration list for PBXNativeTarget "AllowanceControl" */ = {
			isa = XCConfigurationList;
			buildConfigurations = (
				BD964E84249984BE00B49C8A /* Debug */,
				BD964E85249984BE00B49C8A /* Release */,
			);
			defaultConfigurationIsVisible = 0;
			defaultConfigurationName = Release;
		};
/* End XCConfigurationList section */

/* Begin XCVersionGroup section */
		BD964E78249984BD00B49C8A /* AllowanceControl.xcdatamodeld */ = {
			isa = XCVersionGroup;
			children = (
				BD964E79249984BD00B49C8A /* AllowanceControl.xcdatamodel */,
			);
			currentVersion = BD964E79249984BD00B49C8A /* AllowanceControl.xcdatamodel */;
			path = AllowanceControl.xcdatamodeld;
			sourceTree = "<group>";
			versionGroupType = wrapper.xcdatamodel;
		};
/* End XCVersionGroup section */
	};
	rootObject = BD964E64249984BD00B49C8A /* Project object */;
}
